<?xml version="1.0" encoding="utf-8"?>
<Project ToolsVersion="4.0" xmlns="http://schemas.microsoft.com/developer/msbuild/2003">
  <ItemGroup>
    <Filter Include="Source Files">
      <UniqueIdentifier>{4FC737F1-C7A5-4376-A066-2A32D752A2FF}</UniqueIdentifier>
      <Extensions>cpp;c;cc;cxx;def;odl;idl;hpj;bat;asm;asmx</Extensions>
    </Filter>
    <Filter Include="Header Files">
      <UniqueIdentifier>{93995380-89BD-4b04-88EB-625FBE52EBFB}</UniqueIdentifier>
      <Extensions>h;hpp;hxx;hm;inl;inc;xsd</Extensions>
    </Filter>
    <Filter Include="Resource Files">
      <UniqueIdentifier>{67DA6AB6-F800-4c08-8B7A-83BB121AAD01}</UniqueIdentifier>
      <Extensions>rc;ico;cur;bmp;dlg;rc2;rct;bin;rgs;gif;jpg;jpeg;jpe;resx;tiff;tif;png;wav;mfcribbon-ms</Extensions>
    </Filter>
    <Filter Include="Shaders">
      <UniqueIdentifier>{5d567260-b47e-4d00-b07b-06ba689f3ad9}</UniqueIdentifier>
    </Filter>
    <Filter Include="Header Files\Mesh">
      <UniqueIdentifier>{d05cdfa7-8095-4de9-b384-19ba1116eaff}</UniqueIdentifier>
    </Filter>
    <Filter Include="Source Files\Mesh">
      <UniqueIdentifier>{6da98f4f-8896-42be-926c-3012b1af3367}</UniqueIdentifier>
    </Filter>
    <Filter Include="Header Files\Material">
      <UniqueIdentifier>{ebbf13fb-7de6-41b7-89d4-2a5f022e4de3}</UniqueIdentifier>
    </Filter>
    <Filter Include="Source Files\Material">
      <UniqueIdentifier>{a49f471e-3f99-4218-aa66-04c68eef0f3d}</UniqueIdentifier>
    </Filter>
    <Filter Include="Header Files\System">
      <UniqueIdentifier>{910c2b2a-534f-408c-9648-393cb35318a5}</UniqueIdentifier>
    </Filter>
    <Filter Include="Source Files\System">
      <UniqueIdentifier>{72051e91-dcd5-4081-8bd3-886602ddcb34}</UniqueIdentifier>
    </Filter>
    <Filter Include="Source Files\References">
      <UniqueIdentifier>{9703c30a-b7f4-4f35-9d62-78697599efc0}</UniqueIdentifier>
    </Filter>
    <Filter Include="Header Files\References">
      <UniqueIdentifier>{8439813e-ae9d-4fee-9a32-c74238715ab6}</UniqueIdentifier>
    </Filter>
    <Filter Include="Header Files\Camera">
      <UniqueIdentifier>{e792e27e-c085-4404-819b-03e2d59fa626}</UniqueIdentifier>
    </Filter>
    <Filter Include="Source Files\Camera">
      <UniqueIdentifier>{16493221-e8de-41d1-9e0e-a6f11ab4c857}</UniqueIdentifier>
    </Filter>
  </ItemGroup>
  <ItemGroup>
    <ClCompile Include="Main.cpp">
      <Filter>Source Files</Filter>
    </ClCompile>
    <ClCompile Include="ApplicationClass.cpp">
      <Filter>Source Files</Filter>
    </ClCompile>
    <ClCompile Include="ShapeClass.cpp">
      <Filter>Source Files\Mesh</Filter>
    </ClCompile>
    <ClCompile Include="PolyhedronClass.cpp">
      <Filter>Source Files\Mesh</Filter>
    </ClCompile>
    <ClCompile Include="PolygonClass.cpp">
      <Filter>Source Files\Mesh</Filter>
    </ClCompile>
    <ClCompile Include="ModelClass.cpp">
      <Filter>Source Files\Mesh</Filter>
    </ClCompile>
    <ClCompile Include="MaterialClass.cpp">
      <Filter>Source Files\Material</Filter>
    </ClCompile>
    <ClCompile Include="MaterialManagerClass.cpp">
      <Filter>Source Files\Material</Filter>
    </ClCompile>
    <ClCompile Include="FrameClass.cpp">
      <Filter>Source Files\Mesh</Filter>
    </ClCompile>
    <ClCompile Include="SystemClass.cpp">
      <Filter>Source Files\System</Filter>
    </ClCompile>
    <ClCompile Include="FolderClass.cpp">
      <Filter>Source Files\System</Filter>
    </ClCompile>
    <ClCompile Include="FileReaderClass.cpp">
      <Filter>Source Files\System</Filter>
    </ClCompile>
    <ClCompile Include="AngelShaderCompiler.cpp">
      <Filter>Source Files\System</Filter>
    </ClCompile>
    <ClCompile Include="EmptyClass.cpp">
      <Filter>Source Files\References</Filter>
    </ClCompile>
    <ClCompile Include="EmptySingletonClass.cpp">
      <Filter>Source Files\References</Filter>
    </ClCompile>
    <ClCompile Include="CameraClass.cpp">
      <Filter>Source Files\Camera</Filter>
    </ClCompile>
    <ClCompile Include="TextureManagerClass.cpp">
      <Filter>Source Files\Material</Filter>
    </ClCompile>
    <ClCompile Include="TextureClass.cpp">
      <Filter>Source Files\Material</Filter>
    </ClCompile>
    <ClCompile Include="ModelManagerClass.cpp">
      <Filter>Source Files\Mesh</Filter>
    </ClCompile>
    <ClCompile Include="InstanceClass.cpp">
      <Filter>Source Files\Mesh</Filter>
    </ClCompile>
  </ItemGroup>
  <ItemGroup>
    <ClInclude Include="Main.h">
      <Filter>Header Files</Filter>
    </ClInclude>
    <ClInclude Include="ApplicationClass.h">
      <Filter>Header Files</Filter>
    </ClInclude>
    <ClInclude Include="ShapeClass.h">
      <Filter>Header Files\Mesh</Filter>
    </ClInclude>
    <ClInclude Include="PolyhedronClass.h">
      <Filter>Header Files\Mesh</Filter>
    </ClInclude>
    <ClInclude Include="PolygonClass.h">
      <Filter>Header Files\Mesh</Filter>
    </ClInclude>
    <ClInclude Include="ModelClass.h">
      <Filter>Header Files\Mesh</Filter>
    </ClInclude>
    <ClInclude Include="MaterialManagerClass.h">
      <Filter>Header Files\Material</Filter>
    </ClInclude>
    <ClInclude Include="MaterialClass.h">
      <Filter>Header Files\Material</Filter>
    </ClInclude>
    <ClInclude Include="FrameClass.h">
      <Filter>Header Files\Mesh</Filter>
    </ClInclude>
    <ClInclude Include="FileReaderClass.h">
      <Filter>Header Files\System</Filter>
    </ClInclude>
    <ClInclude Include="FolderClass.h">
      <Filter>Header Files\System</Filter>
    </ClInclude>
    <ClInclude Include="SystemClass.h">
      <Filter>Header Files\System</Filter>
    </ClInclude>
    <ClInclude Include="AngelShaderCompiler.h">
      <Filter>Header Files\System</Filter>
    </ClInclude>
    <ClInclude Include="EmptySingletonClass.h">
      <Filter>Header Files\References</Filter>
    </ClInclude>
    <ClInclude Include="EmptyClass.h">
      <Filter>Header Files\References</Filter>
    </ClInclude>
    <ClInclude Include="CameraClass.h">
      <Filter>Header Files\Camera</Filter>
    </ClInclude>
    <ClInclude Include="TextureManagerClass.h">
      <Filter>Header Files\Material</Filter>
    </ClInclude>
    <ClInclude Include="TextureClass.h">
      <Filter>Header Files\Material</Filter>
    </ClInclude>
    <ClInclude Include="InstanceClass.h">
      <Filter>Header Files\Mesh</Filter>
    </ClInclude>
    <ClInclude Include="ModelManagerClass.h">
      <Filter>Header Files\Mesh</Filter>
    </ClInclude>
  </ItemGroup>
  <ItemGroup>
    <ResourceCompile Include="..\res\ICON.rc">
      <Filter>Resource Files</Filter>
    </ResourceCompile>
  </ItemGroup>
  <ItemGroup>
    <None Include="Shaders\Basic.fs">
      <Filter>Shaders</Filter>
    </None>
    <None Include="Shaders\fshader.glsl">
      <Filter>Shaders</Filter>
    </None>
    <None Include="Shaders\Basic.vs">
      <Filter>Shaders</Filter>
    </None>
    <None Include="Shaders\Basic2.vs">
      <Filter>Shaders</Filter>
    </None>
    <None Include="Shaders\vshader.glsl">
      <Filter>Shaders</Filter>
    </None>
    <None Include="Shaders\vshader_diffraction.glsl">
      <Filter>Shaders</Filter>
    </None>
  </ItemGroup>
</Project>